{
  "version": 4,
  "terraform_version": "0.12.5",
  "serial": 11,
  "lineage": "e3ee5f9c-d87e-f293-7532-e4b187105f2a",
  "outputs": {},
  "resources": [
    {
      "mode": "managed",
      "type": "heroku_addon",
      "name": "database",
      "provider": "provider.heroku",
      "instances": [
        {
          "schema_version": 1,
          "attributes": {
            "app": "taskch6toch7",
            "config": null,
            "config_vars": [
              "DATABASE_URL"
            ],
            "id": "4c799b6d-3409-4194-82d3-b84a47020a72",
            "name": "postgresql-transparent-27324",
            "plan": "heroku-postgresql:hobby-dev",
            "provider_id": "17350584"
          },
          "private": "eyJzY2hlbWFfdmVyc2lvbiI6IjEifQ==",
          "depends_on": [
            "heroku_app.task_app"
          ]
        }
      ]
    },
    {
      "mode": "managed",
      "type": "heroku_app",
      "name": "task_app",
      "provider": "provider.heroku",
      "instances": [
        {
          "schema_version": 0,
          "attributes": {
            "acm": false,
            "all_config_vars": {
              "DATABASE_URL": "postgres://pdtzcncidqgntn:eae467c5d422a73613fc849c81bd86c73ff440427e134fc3bc81a497db1aa1e1@ec2-174-129-226-234.compute-1.amazonaws.com:5432/desinfk5rn9du2"
            },
            "buildpacks": null,
            "config_vars": {},
            "git_url": "https://git.heroku.com/taskch6toch7.git",
            "heroku_hostname": "taskch6toch7.herokuapp.com",
            "id": "taskch6toch7",
            "internal_routing": false,
            "name": "taskch6toch7",
            "organization": [],
            "region": "us",
            "sensitive_config_vars": {},
            "space": null,
            "stack": "heroku-18",
            "uuid": "f42321a9-ef4c-4d1e-8d87-f8fe31c2fdb7",
            "web_url": "https://taskch6toch7.herokuapp.com/"
          },
          "private": "bnVsbA=="
        }
      ]
    }
  ]
}
